
Microsoft Visual Studio Solution File, Format Version 12.00
# Visual Studio Version 17
VisualStudioVersion = 17.7.34031.279
MinimumVisualStudioVersion = 10.0.40219.1
Project("{FAE04EC0-301F-11D3-BF4B-00C04F79EFBC}") = "Ventasacos", "Ventasacos.csproj", "{A522DCA3-96CA-4185-8A1E-78E0D82A4D5B}"
EndProject
Global
	GlobalSection(SolutionConfigurationPlatforms) = preSolution
		Debug|Any CPU = Debug|Any CPU
		Release|Any CPU = Release|Any CPU
	EndGlobalSection
	GlobalSection(ProjectConfigurationPlatforms) = postSolution
		{A522DCA3-96CA-4185-8A1E-78E0D82A4D5B}.Debug|Any CPU.ActiveCfg = Debug|Any CPU
		{A522DCA3-96CA-4185-8A1E-78E0D82A4D5B}.Debug|Any CPU.Build.0 = Debug|Any CPU
		{A522DCA3-96CA-4185-8A1E-78E0D82A4D5B}.Release|Any CPU.ActiveCfg = Release|Any CPU
		{A522DCA3-96CA-4185-8A1E-78E0D82A4D5B}.Release|Any CPU.Build.0 = Release|Any CPU
	EndGlobalSection
	GlobalSection(SolutionProperties) = preSolution
		HideSolutionNode = FALSE
	EndGlobalSection
	GlobalSection(ExtensibilityGlobals) = postSolution
		SolutionGuid = {5468A752-D8E9-47F0-8192-F09600956849}
	EndGlobalSection
EndGlobal
